
Microsoft Visual Studio Solution File, Format Version 12.00
# Visual Studio Version 16
VisualStudioVersion = 16.0.30104.148
MinimumVisualStudioVersion = 10.0.40219.1
Project("{FAE04EC0-301F-11D3-BF4B-00C04F79EFBC}") = "NanoProfilerSandBox", "NanoProfilerSandBox\NanoProfilerSandBox.csproj", "{80FD4BB6-F0AC-4BD6-8564-BA722010D799}"
EndProject
Global
	GlobalSection(SolutionConfigurationPlatforms) = preSolution
		Debug|Any CPU = Debug|Any CPU
		Release|Any CPU = Release|Any CPU
	EndGlobalSection
	GlobalSection(ProjectConfigurationPlatforms) = postSolution
		{80FD4BB6-F0AC-4BD6-8564-BA722010D799}.Debug|Any CPU.ActiveCfg = Debug|Any CPU
		{80FD4BB6-F0AC-4BD6-8564-BA722010D799}.Debug|Any CPU.Build.0 = Debug|Any CPU
		{80FD4BB6-F0AC-4BD6-8564-BA722010D799}.Release|Any CPU.ActiveCfg = Release|Any CPU
		{80FD4BB6-F0AC-4BD6-8564-BA722010D799}.Release|Any CPU.Build.0 = Release|Any CPU
	EndGlobalSection
	GlobalSection(SolutionProperties) = preSolution
		HideSolutionNode = FALSE
	EndGlobalSection
	GlobalSection(ExtensibilityGlobals) = postSolution
		SolutionGuid = {17458B63-09FF-4578-ACB2-F810ADB4F0E8}
	EndGlobalSection
EndGlobal
